lockfileVersion: '6.0'

settings:
  autoInstallPeers: true
  excludeLinksFromLockfile: false

devDependencies:
  '@types/node':
    specifier: ^20.10.4
    version: 20.10.4
  postcss-preset-env:
    specifier: ^9.3.0
    version: 9.3.0(postcss@8.4.32)
  prettier:
    specifier: ^3.1.0
    version: 3.1.0
  typescript:
    specifier: ^5.3.3
    version: 5.3.3
  vite:
    specifier: ^5.0.7
    version: 5.0.7(@types/node@20.10.4)

packages:

  /@csstools/cascade-layer-name-parser@1.0.5(@csstools/css-parser-algorithms@2.3.2)(@csstools/css-tokenizer@2.2.1):
    resolution: {integrity: sha512-v/5ODKNBMfBl0us/WQjlfsvSlYxfZLhNMVIsuCPib2ulTwGKYbKJbwqw671+qH9Y4wvWVnu7LBChvml/wBKjFg==}
    engines: {node: ^14 || ^16 || >=18}
    peerDependencies:
      '@csstools/css-parser-algorithms': ^2.3.2
      '@csstools/css-tokenizer': ^2.2.1
    dependencies:
      '@csstools/css-parser-algorithms': 2.3.2(@csstools/css-tokenizer@2.2.1)
      '@csstools/css-tokenizer': 2.2.1
    dev: true

  /@csstools/color-helpers@3.0.2:
    resolution: {integrity: sha512-NMVs/l7Y9eIKL5XjbCHEgGcG8LOUT2qVcRjX6EzkCdlvftHVKr2tHIPzHavfrULRZ5Q2gxrJ9f44dAlj6fX97Q==}
    engines: {node: ^14 || ^16 || >=18}
    dev: true

  /@csstools/css-calc@1.1.4(@csstools/css-parser-algorithms@2.3.2)(@csstools/css-tokenizer@2.2.1):
    resolution: {integrity: sha512-ZV1TSmToiNcQL1P3hfzlzZzA02mmVkVmXGaUDUqpYUG84PmLhVSZpKX+KfxAuOcK7de04UXSQPBrAvaya6iiGg==}
    engines: {node: ^14 || ^16 || >=18}
    peerDependencies:
      '@csstools/css-parser-algorithms': ^2.3.2
      '@csstools/css-tokenizer': ^2.2.1
    dependencies:
      '@csstools/css-parser-algorithms': 2.3.2(@csstools/css-tokenizer@2.2.1)
      '@csstools/css-tokenizer': 2.2.1
    dev: true

  /@csstools/css-color-parser@1.4.0(@csstools/css-parser-algorithms@2.3.2)(@csstools/css-tokenizer@2.2.1):
    resolution: {integrity: sha512-SlGd8E6ron24JYQPQAIzu5tvmWi1H4sDKTdA7UDnwF45oJv7AVESbOlOO1YjfBhrQFuvLWUgKiOY9DwGoAxwTA==}
    engines: {node: ^14 || ^16 || >=18}
    peerDependencies:
      '@csstools/css-parser-algorithms': ^2.3.2
      '@csstools/css-tokenizer': ^2.2.1
    dependencies:
      '@csstools/color-helpers': 3.0.2
      '@csstools/css-calc': 1.1.4(@csstools/css-parser-algorithms@2.3.2)(@csstools/css-tokenizer@2.2.1)
      '@csstools/css-parser-algorithms': 2.3.2(@csstools/css-tokenizer@2.2.1)
      '@csstools/css-tokenizer': 2.2.1
    dev: true

  /@csstools/css-parser-algorithms@2.3.2(@csstools/css-tokenizer@2.2.1):
    resolution: {integrity: sha512-sLYGdAdEY2x7TSw9FtmdaTrh2wFtRJO5VMbBrA8tEqEod7GEggFmxTSK9XqExib3yMuYNcvcTdCZIP6ukdjAIA==}
    engines: {node: ^14 || ^16 || >=18}
    peerDependencies:
      '@csstools/css-tokenizer': ^2.2.1
    dependencies:
      '@csstools/css-tokenizer': 2.2.1
    dev: true

  /@csstools/css-tokenizer@2.2.1:
    resolution: {integrity: sha512-Zmsf2f/CaEPWEVgw29odOj+WEVoiJy9s9NOv5GgNY9mZ1CZ7394By6wONrONrTsnNDv6F9hR02nvFihrGVGHBg==}
    engines: {node: ^14 || ^16 || >=18}
    dev: true

  /@csstools/media-query-list-parser@2.1.5(@csstools/css-parser-algorithms@2.3.2)(@csstools/css-tokenizer@2.2.1):
    resolution: {integrity: sha512-IxVBdYzR8pYe89JiyXQuYk4aVVoCPhMJkz6ElRwlVysjwURTsTk/bmY/z4FfeRE+CRBMlykPwXEVUg8lThv7AQ==}
    engines: {node: ^14 || ^16 || >=18}
    peerDependencies:
      '@csstools/css-parser-algorithms': ^2.3.2
      '@csstools/css-tokenizer': ^2.2.1
    dependencies:
      '@csstools/css-parser-algorithms': 2.3.2(@csstools/css-tokenizer@2.2.1)
      '@csstools/css-tokenizer': 2.2.1
    dev: true

  /@csstools/postcss-cascade-layers@4.0.1(postcss@8.4.32):
    resolution: {integrity: sha512-UYFuFL9GgVnftg9v7tBvVEBRLaBeAD66euD+yYy5fYCUld9ZIWTJNCE30hm6STMEdt6FL5xzeVw1lAZ1tpvUEg==}
    engines: {node: ^14 || ^16 || >=18}
    peerDependencies:
      postcss: ^8.4
    dependencies:
      '@csstools/selector-specificity': 3.0.0(postcss-selector-parser@6.0.13)
      postcss: 8.4.32
      postcss-selector-parser: 6.0.13
    dev: true

  /@csstools/postcss-color-function@3.0.7(postcss@8.4.32):
    resolution: {integrity: sha512-/PIB20G1TPCXmQlaJLWIYzTZRZpj6csT4ijgnshIj/kcmniIRroAfDa0xSWnfuO1eNo0NptIaPU7jzUukWn55Q==}
    engines: {node: ^14 || ^16 || >=18}
    peerDependencies:
      postcss: ^8.4
    dependencies:
      '@csstools/css-color-parser': 1.4.0(@csstools/css-parser-algorithms@2.3.2)(@csstools/css-tokenizer@2.2.1)
      '@csstools/css-parser-algorithms': 2.3.2(@csstools/css-tokenizer@2.2.1)
      '@csstools/css-tokenizer': 2.2.1
      '@csstools/postcss-progressive-custom-properties': 3.0.2(postcss@8.4.32)
      postcss: 8.4.32
    dev: true

  /@csstools/postcss-color-mix-function@2.0.7(postcss@8.4.32):
    resolution: {integrity: sha512-57/g8aGo5eKFjEeJMiRKh8Qq43K2rCyk5ZZTvJ34TNl4zUtYU5DvLkIkOnhCtL8/a4z9oMA42aOnFPddRrScUQ==}
    engines: {node: ^14 || ^16 || >=18}
    peerDependencies:
      postcss: ^8.4
    dependencies:
      '@csstools/css-color-parser': 1.4.0(@csstools/css-parser-algorithms@2.3.2)(@csstools/css-tokenizer@2.2.1)
      '@csstools/css-parser-algorithms': 2.3.2(@csstools/css-tokenizer@2.2.1)
      '@csstools/css-tokenizer': 2.2.1
      '@csstools/postcss-progressive-custom-properties': 3.0.2(postcss@8.4.32)
      postcss: 8.4.32
    dev: true

  /@csstools/postcss-exponential-functions@1.0.1(postcss@8.4.32):
    resolution: {integrity: sha512-ZLK2iSK4DUxeypGce2PnQSdYugUqDTwxnhNiq1o6OyKMNYgYs4eKbvEhFG8JKr1sJWbeqBi5jRr0017l2EWVvg==}
    engines: {node: ^14 || ^16 || >=18}
    peerDependencies:
      postcss: ^8.4
    dependencies:
      '@csstools/css-calc': 1.1.4(@csstools/css-parser-algorithms@2.3.2)(@csstools/css-tokenizer@2.2.1)
      '@csstools/css-parser-algorithms': 2.3.2(@csstools/css-tokenizer@2.2.1)
      '@csstools/css-tokenizer': 2.2.1
      postcss: 8.4.32
    dev: true

  /@csstools/postcss-font-format-keywords@3.0.0(postcss@8.4.32):
    resolution: {integrity: sha512-ntkGj+1uDa/u6lpjPxnkPcjJn7ChO/Kcy08YxctOZI7vwtrdYvFhmE476dq8bj1yna306+jQ9gzXIG/SWfOaRg==}
    engines: {node: ^14 || ^16 || >=18}
    peerDependencies:
      postcss: ^8.4
    dependencies:
      postcss: 8.4.32
      postcss-value-parser: 4.2.0
    dev: true

  /@csstools/postcss-gamut-mapping@1.0.0(postcss@8.4.32):
    resolution: {integrity: sha512-6UQyK8l9YaG5Ao5rBDcCnKHrLsHiQ1E0zeFQuqDJqEtinVzAPb/MwSw3TenZXL1Rnd7th3tb+4CBFHBXdW5tbQ==}
    engines: {node: ^14 || ^16 || >=18}
    peerDependencies:
      postcss: ^8.4
    dependencies:
      '@csstools/css-color-parser': 1.4.0(@csstools/css-parser-algorithms@2.3.2)(@csstools/css-tokenizer@2.2.1)
      '@csstools/css-parser-algorithms': 2.3.2(@csstools/css-tokenizer@2.2.1)
      '@csstools/css-tokenizer': 2.2.1
      postcss: 8.4.32
    dev: true

  /@csstools/postcss-gradients-interpolation-method@4.0.7(postcss@8.4.32):
    resolution: {integrity: sha512-GT1CzE/Tyr/ei4j5BwKESkHAgg+Gzys/0mAY7W+UiR+XrcYk5hDbOrE/YJIx1rflfO/7La1bDoZtA0YnLl4qNA==}
    engines: {node: ^14 || ^16 || >=18}
    peerDependencies:
      postcss: ^8.4
    dependencies:
      '@csstools/css-color-parser': 1.4.0(@csstools/css-parser-algorithms@2.3.2)(@csstools/css-tokenizer@2.2.1)
      '@csstools/css-parser-algorithms': 2.3.2(@csstools/css-tokenizer@2.2.1)
      '@csstools/css-tokenizer': 2.2.1
      '@csstools/postcss-progressive-custom-properties': 3.0.2(postcss@8.4.32)
      postcss: 8.4.32
    dev: true

  /@csstools/postcss-hwb-function@3.0.6(postcss@8.4.32):
    resolution: {integrity: sha512-uQgWt2Ho2yy2S6qthWY7mD5v57NKxi6dD1NB8nAybU5bJSsm+hLXRGm3/zbOH4xNrqO3Cl60DFSNlSrUME3Xjg==}
    engines: {node: ^14 || ^16 || >=18}
    peerDependencies:
      postcss: ^8.4
    dependencies:
      '@csstools/css-color-parser': 1.4.0(@csstools/css-parser-algorithms@2.3.2)(@csstools/css-tokenizer@2.2.1)
      '@csstools/css-parser-algorithms': 2.3.2(@csstools/css-tokenizer@2.2.1)
      '@csstools/css-tokenizer': 2.2.1
      postcss: 8.4.32
    dev: true

  /@csstools/postcss-ic-unit@3.0.2(postcss@8.4.32):
    resolution: {integrity: sha512-n28Er7W9qc48zNjJnvTKuVHY26/+6YlA9WzJRksIHiAWOMxSH5IksXkw7FpkIOd+jLi59BMrX/BWrZMgjkLBHg==}
    engines: {node: ^14 || ^16 || >=18}
    peerDependencies:
      postcss: ^8.4
    dependencies:
      '@csstools/postcss-progressive-custom-properties': 3.0.2(postcss@8.4.32)
      postcss: 8.4.32
      postcss-value-parser: 4.2.0
    dev: true

  /@csstools/postcss-initial@1.0.0(postcss@8.4.32):
    resolution: {integrity: sha512-1l7iHHjIl5qmVeGItugr4ZOlCREDP71mNKqoEyxlosIoiu3Os1nPWMHpuCvDLCLiWI/ONTOg3nzJh7gwHOrqUA==}
    engines: {node: ^14 || ^16 || >=18}
    peerDependencies:
      postcss: ^8.4
    dependencies:
      postcss: 8.4.32
    dev: true

  /@csstools/postcss-is-pseudo-class@4.0.3(postcss@8.4.32):
    resolution: {integrity: sha512-/dt5M9Ty/x3Yiq0Nm/5PJJzwkVFchJgdjKVnryBPtoMCb9ohb/nDIJOwr/Wr3hK3FDs1EA1GE6PyRYsUmQPS8Q==}
    engines: {node: ^14 || ^16 || >=18}
    peerDependencies:
      postcss: ^8.4
    dependencies:
      '@csstools/selector-specificity': 3.0.0(postcss-selector-parser@6.0.13)
      postcss: 8.4.32
      postcss-selector-parser: 6.0.13
    dev: true

  /@csstools/postcss-logical-float-and-clear@2.0.0(postcss@8.4.32):
    resolution: {integrity: sha512-Wki4vxsF6icRvRz8eF9bPpAvwaAt0RHwhVOyzfoFg52XiIMjb6jcbHkGxwpJXP4DVrnFEwpwmrz5aTRqOW82kg==}
    engines: {node: ^14 || ^16 || >=18}
    peerDependencies:
      postcss: ^8.4
    dependencies:
      postcss: 8.4.32
    dev: true

  /@csstools/postcss-logical-overflow@1.0.0(postcss@8.4.32):
    resolution: {integrity: sha512-cIrZ8f7bGGvr+W53nEuMspcwaeaI2YTmz6LZ4yiAO5z14/PQgOOv+Pn+qjvPOPoadeY2BmpaoTzZKvdAQuM17w==}
    engines: {node: ^14 || ^16 || >=18}
    peerDependencies:
      postcss: ^8.4
    dependencies:
      postcss: 8.4.32
    dev: true

  /@csstools/postcss-logical-overscroll-behavior@1.0.0(postcss@8.4.32):
    resolution: {integrity: sha512-e89S2LWjnxf0SB2wNUAbqDyFb/Fow/tlOe1XqOLbNx4rf3LrQokM9qldVx7sarnddml3ORE5LDUmlKpPOOeJTA==}
    engines: {node: ^14 || ^16 || >=18}
    peerDependencies:
      postcss: ^8.4
    dependencies:
      postcss: 8.4.32
    dev: true

  /@csstools/postcss-logical-resize@2.0.0(postcss@8.4.32):
    resolution: {integrity: sha512-lCQ1aX8c5+WI4t5EoYf3alTzJNNocMqTb+u1J9CINdDhFh1fjovqK+0aHalUHsNstZmzFPNzIkU4Mb3eM9U8SA==}
    engines: {node: ^14 || ^16 || >=18}
    peerDependencies:
      postcss: ^8.4
    dependencies:
      postcss: 8.4.32
      postcss-value-parser: 4.2.0
    dev: true

  /@csstools/postcss-logical-viewport-units@2.0.3(postcss@8.4.32):
    resolution: {integrity: sha512-xeVxqND5rlQyqLGdH7rX34sIm/JbbQKxpKQP8oD1YQqUHHCLQR9NUS57WqJKajxKN6AcNAMWJhb5LUH5RfPcyA==}
    engines: {node: ^14 || ^16 || >=18}
    peerDependencies:
      postcss: ^8.4
    dependencies:
      '@csstools/css-tokenizer': 2.2.1
      postcss: 8.4.32
    dev: true

  /@csstools/postcss-media-minmax@1.1.0(postcss@8.4.32):
    resolution: {integrity: sha512-t5Li/DPC5QmW/6VFLfUvsw/4dNYYseWR0tOXDeJg/9EKUodBgNawz5tuk5vYKtNvoj+Q08odMuXcpS5YJj0AFA==}
    engines: {node: ^14 || ^16 || >=18}
    peerDependencies:
      postcss: ^8.4
    dependencies:
      '@csstools/css-calc': 1.1.4(@csstools/css-parser-algorithms@2.3.2)(@csstools/css-tokenizer@2.2.1)
      '@csstools/css-parser-algorithms': 2.3.2(@csstools/css-tokenizer@2.2.1)
      '@csstools/css-tokenizer': 2.2.1
      '@csstools/media-query-list-parser': 2.1.5(@csstools/css-parser-algorithms@2.3.2)(@csstools/css-tokenizer@2.2.1)
      postcss: 8.4.32
    dev: true

  /@csstools/postcss-media-queries-aspect-ratio-number-values@2.0.3(postcss@8.4.32):
    resolution: {integrity: sha512-IPL8AvnwMYW+cWtp+j8cW3MFN0RyXNT4hLOvs6Rf2N+NcbvXhSyKxZuE3W9Cv4KjaNoNoGx1d0UhT6tktq6tUw==}
    engines: {node: ^14 || ^16 || >=18}
    peerDependencies:
      postcss: ^8.4
    dependencies:
      '@csstools/css-parser-algorithms': 2.3.2(@csstools/css-tokenizer@2.2.1)
      '@csstools/css-tokenizer': 2.2.1
      '@csstools/media-query-list-parser': 2.1.5(@csstools/css-parser-algorithms@2.3.2)(@csstools/css-tokenizer@2.2.1)
      postcss: 8.4.32
    dev: true

  /@csstools/postcss-nested-calc@3.0.0(postcss@8.4.32):
    resolution: {integrity: sha512-HsB66aDWAouOwD/GcfDTS0a7wCuVWaTpXcjl5VKP0XvFxDiU+r0T8FG7xgb6ovZNZ+qzvGIwRM+CLHhDgXrYgQ==}
    engines: {node: ^14 || ^16 || >=18}
    peerDependencies:
      postcss: ^8.4
    dependencies:
      postcss: 8.4.32
      postcss-value-parser: 4.2.0
    dev: true

  /@csstools/postcss-normalize-display-values@3.0.1(postcss@8.4.32):
    resolution: {integrity: sha512-nUvRxI+ALJwkxZdPU4EDyuM380vP91sAGvI3jAOHs/sr3jfcCOzLkY6xKI1Mr526kZ3RivmMoYM/xq+XFyE/bw==}
    engines: {node: ^14 || ^16 || >=18}
    peerDependencies:
      postcss: ^8.4
    dependencies:
      postcss: 8.4.32
      postcss-value-parser: 4.2.0
    dev: true

  /@csstools/postcss-oklab-function@3.0.7(postcss@8.4.32):
    resolution: {integrity: sha512-vBFTQD3CARB3u/XIGO44wWbcO7xG/4GsYqJlcPuUGRSK8mtxes6n4vvNFlIByyAZy2k4d4RY63nyvTbMpeNTaQ==}
    engines: {node: ^14 || ^16 || >=18}
    peerDependencies:
      postcss: ^8.4
    dependencies:
      '@csstools/css-color-parser': 1.4.0(@csstools/css-parser-algorithms@2.3.2)(@csstools/css-tokenizer@2.2.1)
      '@csstools/css-parser-algorithms': 2.3.2(@csstools/css-tokenizer@2.2.1)
      '@csstools/css-tokenizer': 2.2.1
      '@csstools/postcss-progressive-custom-properties': 3.0.2(postcss@8.4.32)
      postcss: 8.4.32
    dev: true

  /@csstools/postcss-progressive-custom-properties@3.0.2(postcss@8.4.32):
    resolution: {integrity: sha512-YEvTozk1SxnV/PGL5DllBVDuLQ+jiQhyCSQiZJ6CwBMU5JQ9hFde3i1qqzZHuclZfptjrU0JjlX4ePsOhxNzHw==}
    engines: {node: ^14 || ^16 || >=18}
    peerDependencies:
      postcss: ^8.4
    dependencies:
      postcss: 8.4.32
      postcss-value-parser: 4.2.0
    dev: true

  /@csstools/postcss-relative-color-syntax@2.0.7(postcss@8.4.32):
    resolution: {integrity: sha512-2AiFbJSVF4EyymLxme4JzSrbXykHolx8DdZECHjYKMhoulhKLltx5ccYgtrK3BmXGd3v3nJrWFCc8JM8bjuiOg==}
    engines: {node: ^14 || ^16 || >=18}
    peerDependencies:
      postcss: ^8.4
    dependencies:
      '@csstools/css-color-parser': 1.4.0(@csstools/css-parser-algorithms@2.3.2)(@csstools/css-tokenizer@2.2.1)
      '@csstools/css-parser-algorithms': 2.3.2(@csstools/css-tokenizer@2.2.1)
      '@csstools/css-tokenizer': 2.2.1
      '@csstools/postcss-progressive-custom-properties': 3.0.2(postcss@8.4.32)
      postcss: 8.4.32
    dev: true

  /@csstools/postcss-scope-pseudo-class@3.0.0(postcss@8.4.32):
    resolution: {integrity: sha512-GFNVsD97OuEcfHmcT0/DAZWAvTM/FFBDQndIOLawNc1Wq8YqpZwBdHa063Lq+Irk7azygTT+Iinyg3Lt76p7rg==}
    engines: {node: ^14 || ^16 || >=18}
    peerDependencies:
      postcss: ^8.4
    dependencies:
      postcss: 8.4.32
      postcss-selector-parser: 6.0.13
    dev: true

  /@csstools/postcss-stepped-value-functions@3.0.2(postcss@8.4.32):
    resolution: {integrity: sha512-I3wX44MZVv+tDuWfrd3BTvRB/YRIM2F5v1MBtTI89sxpFn47mNpTwpPYUOGPVCgKlRDfZSlxIUYhUQmqRQZZFQ==}
    engines: {node: ^14 || ^16 || >=18}
    peerDependencies:
      postcss: ^8.4
    dependencies:
      '@csstools/css-calc': 1.1.4(@csstools/css-parser-algorithms@2.3.2)(@csstools/css-tokenizer@2.2.1)
      '@csstools/css-parser-algorithms': 2.3.2(@csstools/css-tokenizer@2.2.1)
      '@csstools/css-tokenizer': 2.2.1
      postcss: 8.4.32
    dev: true

  /@csstools/postcss-text-decoration-shorthand@3.0.3(postcss@8.4.32):
    resolution: {integrity: sha512-d5J9m49HhqXRcw1S6vTZuviHi/iknUKGjBpChiNK1ARg9sSa3b8m5lsWz5Izs8ISORZdv2bZRwbw5Z2R6gQ9kQ==}
    engines: {node: ^14 || ^16 || >=18}
    peerDependencies:
      postcss: ^8.4
    dependencies:
      '@csstools/color-helpers': 3.0.2
      postcss: 8.4.32
      postcss-value-parser: 4.2.0
    dev: true

  /@csstools/postcss-trigonometric-functions@3.0.2(postcss@8.4.32):
    resolution: {integrity: sha512-AwzNhF4QOKaLOKvMljwwFkeYXwufhRO15G+kKohHkyoNOL75xWkN+W2Y9ik9tSeAyDv+cYNlYaF+o/a79WjVjg==}
    engines: {node: ^14 || ^16 || >=18}
    peerDependencies:
      postcss: ^8.4
    dependencies:
      '@csstools/css-calc': 1.1.4(@csstools/css-parser-algorithms@2.3.2)(@csstools/css-tokenizer@2.2.1)
      '@csstools/css-parser-algorithms': 2.3.2(@csstools/css-tokenizer@2.2.1)
      '@csstools/css-tokenizer': 2.2.1
      postcss: 8.4.32
    dev: true

  /@csstools/postcss-unset-value@3.0.0(postcss@8.4.32):
    resolution: {integrity: sha512-P0JD1WHh3avVyKKRKjd0dZIjCEeaBer8t1BbwGMUDtSZaLhXlLNBqZ8KkqHzYWXOJgHleXAny2/sx8LYl6qhEA==}
    engines: {node: ^14 || ^16 || >=18}
    peerDependencies:
      postcss: ^8.4
    dependencies:
      postcss: 8.4.32
    dev: true

  /@csstools/selector-specificity@3.0.0(postcss-selector-parser@6.0.13):
    resolution: {integrity: sha512-hBI9tfBtuPIi885ZsZ32IMEU/5nlZH/KOVYJCOh7gyMxaVLGmLedYqFN6Ui1LXkI8JlC8IsuC0rF0btcRZKd5g==}
    engines: {node: ^14 || ^16 || >=18}
    peerDependencies:
      postcss-selector-parser: ^6.0.13
    dependencies:
      postcss-selector-parser: 6.0.13
    dev: true

  /@esbuild/android-arm64@0.19.8:
    resolution: {integrity: sha512-B8JbS61bEunhfx8kasogFENgQfr/dIp+ggYXwTqdbMAgGDhRa3AaPpQMuQU0rNxDLECj6FhDzk1cF9WHMVwrtA==}
    engines: {node: '>=12'}
    cpu: [arm64]
    os: [android]
    requiresBuild: true
    dev: true
    optional: true

  /@esbuild/android-arm@0.19.8:
    resolution: {integrity: sha512-31E2lxlGM1KEfivQl8Yf5aYU/mflz9g06H6S15ITUFQueMFtFjESRMoDSkvMo8thYvLBax+VKTPlpnx+sPicOA==}
    engines: {node: '>=12'}
    cpu: [arm]
    os: [android]
    requiresBuild: true
    dev: true
    optional: true

  /@esbuild/android-x64@0.19.8:
    resolution: {integrity: sha512-rdqqYfRIn4jWOp+lzQttYMa2Xar3OK9Yt2fhOhzFXqg0rVWEfSclJvZq5fZslnz6ypHvVf3CT7qyf0A5pM682A==}
    engines: {node: '>=12'}
    cpu: [x64]
    os: [android]
    requiresBuild: true
    dev: true
    optional: true

  /@esbuild/darwin-arm64@0.19.8:
    resolution: {integrity: sha512-RQw9DemMbIq35Bprbboyf8SmOr4UXsRVxJ97LgB55VKKeJOOdvsIPy0nFyF2l8U+h4PtBx/1kRf0BelOYCiQcw==}
    engines: {node: '>=12'}
    cpu: [arm64]
    os: [darwin]
    requiresBuild: true
    dev: true
    optional: true

  /@esbuild/darwin-x64@0.19.8:
    resolution: {integrity: sha512-3sur80OT9YdeZwIVgERAysAbwncom7b4bCI2XKLjMfPymTud7e/oY4y+ci1XVp5TfQp/bppn7xLw1n/oSQY3/Q==}
    engines: {node: '>=12'}
    cpu: [x64]
    os: [darwin]
    requiresBuild: true
    dev: true
    optional: true

  /@esbuild/freebsd-arm64@0.19.8:
    resolution: {integrity: sha512-WAnPJSDattvS/XtPCTj1tPoTxERjcTpH6HsMr6ujTT+X6rylVe8ggxk8pVxzf5U1wh5sPODpawNicF5ta/9Tmw==}
    engines: {node: '>=12'}
    cpu: [arm64]
    os: [freebsd]
    requiresBuild: true
    dev: true
    optional: true

  /@esbuild/freebsd-x64@0.19.8:
    resolution: {integrity: sha512-ICvZyOplIjmmhjd6mxi+zxSdpPTKFfyPPQMQTK/w+8eNK6WV01AjIztJALDtwNNfFhfZLux0tZLC+U9nSyA5Zg==}
    engines: {node: '>=12'}
    cpu: [x64]
    os: [freebsd]
    requiresBuild: true
    dev: true
    optional: true

  /@esbuild/linux-arm64@0.19.8:
    resolution: {integrity: sha512-z1zMZivxDLHWnyGOctT9JP70h0beY54xDDDJt4VpTX+iwA77IFsE1vCXWmprajJGa+ZYSqkSbRQ4eyLCpCmiCQ==}
    engines: {node: '>=12'}
    cpu: [arm64]
    os: [linux]
    requiresBuild: true
    dev: true
    optional: true

  /@esbuild/linux-arm@0.19.8:
    resolution: {integrity: sha512-H4vmI5PYqSvosPaTJuEppU9oz1dq2A7Mr2vyg5TF9Ga+3+MGgBdGzcyBP7qK9MrwFQZlvNyJrvz6GuCaj3OukQ==}
    engines: {node: '>=12'}
    cpu: [arm]
    os: [linux]
    requiresBuild: true
    dev: true
    optional: true

  /@esbuild/linux-ia32@0.19.8:
    resolution: {integrity: sha512-1a8suQiFJmZz1khm/rDglOc8lavtzEMRo0v6WhPgxkrjcU0LkHj+TwBrALwoz/OtMExvsqbbMI0ChyelKabSvQ==}
    engines: {node: '>=12'}
    cpu: [ia32]
    os: [linux]
    requiresBuild: true
    dev: true
    optional: true

  /@esbuild/linux-loong64@0.19.8:
    resolution: {integrity: sha512-fHZWS2JJxnXt1uYJsDv9+b60WCc2RlvVAy1F76qOLtXRO+H4mjt3Tr6MJ5l7Q78X8KgCFudnTuiQRBhULUyBKQ==}
    engines: {node: '>=12'}
    cpu: [loong64]
    os: [linux]
    requiresBuild: true
    dev: true
    optional: true

  /@esbuild/linux-mips64el@0.19.8:
    resolution: {integrity: sha512-Wy/z0EL5qZYLX66dVnEg9riiwls5IYnziwuju2oUiuxVc+/edvqXa04qNtbrs0Ukatg5HEzqT94Zs7J207dN5Q==}
    engines: {node: '>=12'}
    cpu: [mips64el]
    os: [linux]
    requiresBuild: true
    dev: true
    optional: true

  /@esbuild/linux-ppc64@0.19.8:
    resolution: {integrity: sha512-ETaW6245wK23YIEufhMQ3HSeHO7NgsLx8gygBVldRHKhOlD1oNeNy/P67mIh1zPn2Hr2HLieQrt6tWrVwuqrxg==}
    engines: {node: '>=12'}
    cpu: [ppc64]
    os: [linux]
    requiresBuild: true
    dev: true
    optional: true

  /@esbuild/linux-riscv64@0.19.8:
    resolution: {integrity: sha512-T2DRQk55SgoleTP+DtPlMrxi/5r9AeFgkhkZ/B0ap99zmxtxdOixOMI570VjdRCs9pE4Wdkz7JYrsPvsl7eESg==}
    engines: {node: '>=12'}
    cpu: [riscv64]
    os: [linux]
    requiresBuild: true
    dev: true
    optional: true

  /@esbuild/linux-s390x@0.19.8:
    resolution: {integrity: sha512-NPxbdmmo3Bk7mbNeHmcCd7R7fptJaczPYBaELk6NcXxy7HLNyWwCyDJ/Xx+/YcNH7Im5dHdx9gZ5xIwyliQCbg==}
    engines: {node: '>=12'}
    cpu: [s390x]
    os: [linux]
    requiresBuild: true
    dev: true
    optional: true

  /@esbuild/linux-x64@0.19.8:
    resolution: {integrity: sha512-lytMAVOM3b1gPypL2TRmZ5rnXl7+6IIk8uB3eLsV1JwcizuolblXRrc5ShPrO9ls/b+RTp+E6gbsuLWHWi2zGg==}
    engines: {node: '>=12'}
    cpu: [x64]
    os: [linux]
    requiresBuild: true
    dev: true
    optional: true

  /@esbuild/netbsd-x64@0.19.8:
    resolution: {integrity: sha512-hvWVo2VsXz/8NVt1UhLzxwAfo5sioj92uo0bCfLibB0xlOmimU/DeAEsQILlBQvkhrGjamP0/el5HU76HAitGw==}
    engines: {node: '>=12'}
    cpu: [x64]
    os: [netbsd]
    requiresBuild: true
    dev: true
    optional: true

  /@esbuild/openbsd-x64@0.19.8:
    resolution: {integrity: sha512-/7Y7u77rdvmGTxR83PgaSvSBJCC2L3Kb1M/+dmSIvRvQPXXCuC97QAwMugBNG0yGcbEGfFBH7ojPzAOxfGNkwQ==}
    engines: {node: '>=12'}
    cpu: [x64]
    os: [openbsd]
    requiresBuild: true
    dev: true
    optional: true

  /@esbuild/sunos-x64@0.19.8:
    resolution: {integrity: sha512-9Lc4s7Oi98GqFA4HzA/W2JHIYfnXbUYgekUP/Sm4BG9sfLjyv6GKKHKKVs83SMicBF2JwAX6A1PuOLMqpD001w==}
    engines: {node: '>=12'}
    cpu: [x64]
    os: [sunos]
    requiresBuild: true
    dev: true
    optional: true

  /@esbuild/win32-arm64@0.19.8:
    resolution: {integrity: sha512-rq6WzBGjSzihI9deW3fC2Gqiak68+b7qo5/3kmB6Gvbh/NYPA0sJhrnp7wgV4bNwjqM+R2AApXGxMO7ZoGhIJg==}
    engines: {node: '>=12'}
    cpu: [arm64]
    os: [win32]
    requiresBuild: true
    dev: true
    optional: true

  /@esbuild/win32-ia32@0.19.8:
    resolution: {integrity: sha512-AIAbverbg5jMvJznYiGhrd3sumfwWs8572mIJL5NQjJa06P8KfCPWZQ0NwZbPQnbQi9OWSZhFVSUWjjIrn4hSw==}
    engines: {node: '>=12'}
    cpu: [ia32]
    os: [win32]
    requiresBuild: true
    dev: true
    optional: true

  /@esbuild/win32-x64@0.19.8:
    resolution: {integrity: sha512-bfZ0cQ1uZs2PqpulNL5j/3w+GDhP36k1K5c38QdQg+Swy51jFZWWeIkteNsufkQxp986wnqRRsb/bHbY1WQ7TA==}
    engines: {node: '>=12'}
    cpu: [x64]
    os: [win32]
    requiresBuild: true
    dev: true
    optional: true

  /@rollup/rollup-android-arm-eabi@4.7.0:
    resolution: {integrity: sha512-rGku10pL1StFlFvXX5pEv88KdGW6DHUghsxyP/aRYb9eH+74jTGJ3U0S/rtlsQ4yYq1Hcc7AMkoJOb1xu29Fxw==}
    cpu: [arm]
    os: [android]
    requiresBuild: true
    dev: true
    optional: true

  /@rollup/rollup-android-arm64@4.7.0:
    resolution: {integrity: sha512-/EBw0cuJ/KVHiU2qyVYUhogXz7W2vXxBzeE9xtVIMC+RyitlY2vvaoysMUqASpkUtoNIHlnKTu/l7mXOPgnKOA==}
    cpu: [arm64]
    os: [android]
    requiresBuild: true
    dev: true
    optional: true

  /@rollup/rollup-darwin-arm64@4.7.0:
    resolution: {integrity: sha512-4VXG1bgvClJdbEYYjQ85RkOtwN8sqI3uCxH0HC5w9fKdqzRzgG39K7GAehATGS8jghA7zNoS5CjSKkDEqWmNZg==}
    cpu: [arm64]
    os: [darwin]
    requiresBuild: true
    dev: true
    optional: true

  /@rollup/rollup-darwin-x64@4.7.0:
    resolution: {integrity: sha512-/ImhO+T/RWJ96hUbxiCn2yWI0/MeQZV/aeukQQfhxiSXuZJfyqtdHPUPrc84jxCfXTxbJLmg4q+GBETeb61aNw==}
    cpu: [x64]
    os: [darwin]
    requiresBuild: true
    dev: true
    optional: true

  /@rollup/rollup-linux-arm-gnueabihf@4.7.0:
    resolution: {integrity: sha512-zhye8POvTyUXlKbfPBVqoHy3t43gIgffY+7qBFqFxNqVtltQLtWeHNAbrMnXiLIfYmxcoL/feuLDote2tx+Qbg==}
    cpu: [arm]
    os: [linux]
    requiresBuild: true
    dev: true
    optional: true

  /@rollup/rollup-linux-arm64-gnu@4.7.0:
    resolution: {integrity: sha512-RAdr3OJnUum6Vs83cQmKjxdTg31zJnLLTkjhcFt0auxM6jw00GD6IPFF42uasYPr/wGC6TRm7FsQiJyk0qIEfg==}
    cpu: [arm64]
    os: [linux]
    requiresBuild: true
    dev: true
    optional: true

  /@rollup/rollup-linux-arm64-musl@4.7.0:
    resolution: {integrity: sha512-nhWwYsiJwZGq7SyR3afS3EekEOsEAlrNMpPC4ZDKn5ooYSEjDLe9W/xGvoIV8/F/+HNIY6jY8lIdXjjxfxopXw==}
    cpu: [arm64]
    os: [linux]
    requiresBuild: true
    dev: true
    optional: true

  /@rollup/rollup-linux-riscv64-gnu@4.7.0:
    resolution: {integrity: sha512-rlfy5RnQG1aop1BL/gjdH42M2geMUyVQqd52GJVirqYc787A/XVvl3kQ5NG/43KXgOgE9HXgCaEH05kzQ+hLoA==}
    cpu: [riscv64]
    os: [linux]
    requiresBuild: true
    dev: true
    optional: true

  /@rollup/rollup-linux-x64-gnu@4.7.0:
    resolution: {integrity: sha512-cCkoGlGWfBobdDtiiypxf79q6k3/iRVGu1HVLbD92gWV5WZbmuWJCgRM4x2N6i7ljGn1cGytPn9ZAfS8UwF6vg==}
    cpu: [x64]
    os: [linux]
    requiresBuild: true
    dev: true
    optional: true

  /@rollup/rollup-linux-x64-musl@4.7.0:
    resolution: {integrity: sha512-R2oBf2p/Arc1m+tWmiWbpHBjEcJnHVnv6bsypu4tcKdrYTpDfl1UT9qTyfkIL1iiii5D4WHxUHCg5X0pzqmxFg==}
    cpu: [x64]
    os: [linux]
    requiresBuild: true
    dev: true
    optional: true

  /@rollup/rollup-win32-arm64-msvc@4.7.0:
    resolution: {integrity: sha512-CPtgaQL1aaPc80m8SCVEoxFGHxKYIt3zQYC3AccL/SqqiWXblo3pgToHuBwR8eCP2Toa+X1WmTR/QKFMykws7g==}
    cpu: [arm64]
    os: [win32]
    requiresBuild: true
    dev: true
    optional: true

  /@rollup/rollup-win32-ia32-msvc@4.7.0:
    resolution: {integrity: sha512-pmioUlttNh9GXF5x2CzNa7Z8kmRTyhEzzAC+2WOOapjewMbl+3tGuAnxbwc5JyG8Jsz2+hf/QD/n5VjimOZ63g==}
    cpu: [ia32]
    os: [win32]
    requiresBuild: true
    dev: true
    optional: true

  /@rollup/rollup-win32-x64-msvc@4.7.0:
    resolution: {integrity: sha512-SeZzC2QhhdBQUm3U0c8+c/P6UlRyBcLL2Xp5KX7z46WXZxzR8RJSIWL9wSUeBTgxog5LTPJuPj0WOT9lvrtP7Q==}
    cpu: [x64]
    os: [win32]
    requiresBuild: true
    dev: true
    optional: true

  /@types/node@20.10.4:
    resolution: {integrity: sha512-D08YG6rr8X90YB56tSIuBaddy/UXAA9RKJoFvrsnogAum/0pmjkgi4+2nx96A330FmioegBWmEYQ+syqCFaveg==}
    dependencies:
      undici-types: 5.26.5
    dev: true

  /autoprefixer@10.4.16(postcss@8.4.32):
    resolution: {integrity: sha512-7vd3UC6xKp0HLfua5IjZlcXvGAGy7cBAXTg2lyQ/8WpNhd6SiZ8Be+xm3FyBSYJx5GKcpRCzBh7RH4/0dnY+uQ==}
    engines: {node: ^10 || ^12 || >=14}
    hasBin: true
    peerDependencies:
      postcss: ^8.1.0
    dependencies:
      browserslist: 4.22.2
      caniuse-lite: 1.0.30001566
      fraction.js: 4.3.7
      normalize-range: 0.1.2
      picocolors: 1.0.0
      postcss: 8.4.32
      postcss-value-parser: 4.2.0
    dev: true

  /browserslist@4.22.2:
    resolution: {integrity: sha512-0UgcrvQmBDvZHFGdYUehrCNIazki7/lUP3kkoi/r3YB2amZbFM9J43ZRkJTXBUZK4gmx56+Sqk9+Vs9mwZx9+A==}
    engines: {node: ^6 || ^7 || ^8 || ^9 || ^10 || ^11 || ^12 || >=13.7}
    hasBin: true
    dependencies:
      caniuse-lite: 1.0.30001566
      electron-to-chromium: 1.4.609
      node-releases: 2.0.14
      update-browserslist-db: 1.0.13(browserslist@4.22.2)
    dev: true

  /caniuse-lite@1.0.30001566:
    resolution: {integrity: sha512-ggIhCsTxmITBAMmK8yZjEhCO5/47jKXPu6Dha/wuCS4JePVL+3uiDEBuhu2aIoT+bqTOR8L76Ip1ARL9xYsEJA==}
    dev: true

  /css-blank-pseudo@6.0.0(postcss@8.4.32):
    resolution: {integrity: sha512-VbfLlOWO7sBHBTn6pwDQzc07Z0SDydgDBfNfCE0nvrehdBNv9RKsuupIRa/qal0+fBZhAALyQDPMKz5lnvcchw==}
    engines: {node: ^14 || ^16 || >=18}
    peerDependencies:
      postcss: ^8.4
    dependencies:
      postcss: 8.4.32
      postcss-selector-parser: 6.0.13
    dev: true

  /css-has-pseudo@6.0.0(postcss@8.4.32):
    resolution: {integrity: sha512-X+r+JBuoO37FBOWVNhVJhxtSBUFHgHbrcc0CjFT28JEdOw1qaDwABv/uunyodUuSy2hMPe9j/HjssxSlvUmKjg==}
    engines: {node: ^14 || ^16 || >=18}
    peerDependencies:
      postcss: ^8.4
    dependencies:
      '@csstools/selector-specificity': 3.0.0(postcss-selector-parser@6.0.13)
      postcss: 8.4.32
      postcss-selector-parser: 6.0.13
      postcss-value-parser: 4.2.0
    dev: true

  /css-prefers-color-scheme@9.0.0(postcss@8.4.32):
    resolution: {integrity: sha512-03QGAk/FXIRseDdLb7XAiu6gidQ0Nd8945xuM7VFVPpc6goJsG9uIO8xQjTxwbPdPIIV4o4AJoOJyt8gwDl67g==}
    engines: {node: ^14 || ^16 || >=18}
    peerDependencies:
      postcss: ^8.4
    dependencies:
      postcss: 8.4.32
    dev: true

  /cssdb@7.9.0:
    resolution: {integrity: sha512-WPMT9seTQq6fPAa1yN4zjgZZeoTriSN2LqW9C+otjar12DQIWA4LuSfFrvFJiKp4oD0xIk1vumDLw8K9ur4NBw==}
    dev: true

  /cssesc@3.0.0:
    resolution: {integrity: sha512-/Tb/JcjK111nNScGob5MNtsntNM1aCNUDipB/TkwZFhyDrrE47SOx/18wF2bbjgc3ZzCSKW1T5nt5EbFoAz/Vg==}
    engines: {node: '>=4'}
    hasBin: true
    dev: true

  /electron-to-chromium@1.4.609:
    resolution: {integrity: sha512-ihiCP7PJmjoGNuLpl7TjNA8pCQWu09vGyjlPYw1Rqww4gvNuCcmvl+44G+2QyJ6S2K4o+wbTS++Xz0YN8Q9ERw==}
    dev: true

  /esbuild@0.19.8:
    resolution: {integrity: sha512-l7iffQpT2OrZfH2rXIp7/FkmaeZM0vxbxN9KfiCwGYuZqzMg/JdvX26R31Zxn/Pxvsrg3Y9N6XTcnknqDyyv4w==}
    engines: {node: '>=12'}
    hasBin: true
    requiresBuild: true
    optionalDependencies:
      '@esbuild/android-arm': 0.19.8
      '@esbuild/android-arm64': 0.19.8
      '@esbuild/android-x64': 0.19.8
      '@esbuild/darwin-arm64': 0.19.8
      '@esbuild/darwin-x64': 0.19.8
      '@esbuild/freebsd-arm64': 0.19.8
      '@esbuild/freebsd-x64': 0.19.8
      '@esbuild/linux-arm': 0.19.8
      '@esbuild/linux-arm64': 0.19.8
      '@esbuild/linux-ia32': 0.19.8
      '@esbuild/linux-loong64': 0.19.8
      '@esbuild/linux-mips64el': 0.19.8
      '@esbuild/linux-ppc64': 0.19.8
      '@esbuild/linux-riscv64': 0.19.8
      '@esbuild/linux-s390x': 0.19.8
      '@esbuild/linux-x64': 0.19.8
      '@esbuild/netbsd-x64': 0.19.8
      '@esbuild/openbsd-x64': 0.19.8
      '@esbuild/sunos-x64': 0.19.8
      '@esbuild/win32-arm64': 0.19.8
      '@esbuild/win32-ia32': 0.19.8
      '@esbuild/win32-x64': 0.19.8
    dev: true

  /escalade@3.1.1:
    resolution: {integrity: sha512-k0er2gUkLf8O0zKJiAhmkTnJlTvINGv7ygDNPbeIsX/TJjGJZHuh9B2UxbsaEkmlEo9MfhrSzmhIlhRlI2GXnw==}
    engines: {node: '>=6'}
    dev: true

  /fraction.js@4.3.7:
    resolution: {integrity: sha512-ZsDfxO51wGAXREY55a7la9LScWpwv9RxIrYABrlvOFBlH/ShPnrtsXeuUIfXKKOVicNxQ+o8JTbJvjS4M89yew==}
    dev: true

  /fsevents@2.3.3:
    resolution: {integrity: sha512-5xoDfX+fL7faATnagmWPpbFtwh/R77WmMMqqHGS65C3vvB0YHrgF+B1YmZ3441tMj5n63k0212XNoJwzlhffQw==}
    engines: {node: ^8.16.0 || ^10.6.0 || >=11.0.0}
    os: [darwin]
    requiresBuild: true
    dev: true
    optional: true

  /nanoid@3.3.7:
    resolution: {integrity: sha512-eSRppjcPIatRIMC1U6UngP8XFcz8MQWGQdt1MTBQ7NaAmvXDfvNxbvWV3x2y6CdEUciCSsDHDQZbhYaB8QEo2g==}
    engines: {node: ^10 || ^12 || ^13.7 || ^14 || >=15.0.1}
    hasBin: true
    dev: true

  /node-releases@2.0.14:
    resolution: {integrity: sha512-y10wOWt8yZpqXmOgRo77WaHEmhYQYGNA6y421PKsKYWEK8aW+cqAphborZDhqfyKrbZEN92CN1X2KbafY2s7Yw==}
    dev: true

  /normalize-range@0.1.2:
    resolution: {integrity: sha512-bdok/XvKII3nUpklnV6P2hxtMNrCboOjAcyBuQnWEhO665FwrSNRxU+AqpsyvO6LgGYPspN+lu5CLtw4jPRKNA==}
    engines: {node: '>=0.10.0'}
    dev: true

  /picocolors@1.0.0:
    resolution: {integrity: sha512-1fygroTLlHu66zi26VoTDv8yRgm0Fccecssto+MhsZ0D/DGW2sm8E8AjW7NU5VVTRt5GxbeZ5qBuJr+HyLYkjQ==}
    dev: true

  /postcss-attribute-case-insensitive@6.0.2(postcss@8.4.32):
    resolution: {integrity: sha512-IRuCwwAAQbgaLhxQdQcIIK0dCVXg3XDUnzgKD8iwdiYdwU4rMWRWyl/W9/0nA4ihVpq5pyALiHB2veBJ0292pw==}
    engines: {node: ^14 || ^16 || >=18}
    peerDependencies:
      postcss: ^8.4
    dependencies:
      postcss: 8.4.32
      postcss-selector-parser: 6.0.13
    dev: true

  /postcss-clamp@4.1.0(postcss@8.4.32):
    resolution: {integrity: sha512-ry4b1Llo/9zz+PKC+030KUnPITTJAHeOwjfAyyB60eT0AorGLdzp52s31OsPRHRf8NchkgFoG2y6fCfn1IV1Ow==}
    engines: {node: '>=7.6.0'}
    peerDependencies:
      postcss: ^8.4.6
    dependencies:
      postcss: 8.4.32
      postcss-value-parser: 4.2.0
    dev: true

  /postcss-color-functional-notation@6.0.2(postcss@8.4.32):
    resolution: {integrity: sha512-FsjSmlSufuiFBsIqQ++VxFmvX7zKndZpBkHmfXr4wqhvzM92FTEkAh703iqWTl1U3faTgqioIqCbfqdWiFVwtw==}
    engines: {node: ^14 || ^16 || >=18}
    peerDependencies:
      postcss: ^8.4
    dependencies:
      '@csstools/postcss-progressive-custom-properties': 3.0.2(postcss@8.4.32)
      postcss: 8.4.32
      postcss-value-parser: 4.2.0
    dev: true

  /postcss-color-hex-alpha@9.0.2(postcss@8.4.32):
    resolution: {integrity: sha512-SfPjgr//VQ/DOCf80STIAsdAs7sbIbxATvVmd+Ec7JvR8onz9pjawhq3BJM3Pie40EE3TyB0P6hft16D33Nlyg==}
    engines: {node: ^14 || ^16 || >=18}
    peerDependencies:
      postcss: ^8.4
    dependencies:
      postcss: 8.4.32
      postcss-value-parser: 4.2.0
    dev: true

  /postcss-color-rebeccapurple@9.0.1(postcss@8.4.32):
    resolution: {integrity: sha512-ds4cq5BjRieizVb2PnvbJ0omg9VCo2/KzluvoFZbxuGpsGJ5BQSD93CHBooinEtangCM5YqUOerGDl4xGmOb6Q==}
    engines: {node: ^14 || ^16 || >=18}
    peerDependencies:
      postcss: ^8.4
    dependencies:
      postcss: 8.4.32
      postcss-value-parser: 4.2.0
    dev: true

  /postcss-custom-media@10.0.2(postcss@8.4.32):
    resolution: {integrity: sha512-zcEFNRmDm2fZvTPdI1pIW3W//UruMcLosmMiCdpQnrCsTRzWlKQPYMa1ud9auL0BmrryKK1+JjIGn19K0UjO/w==}
    engines: {node: ^14 || ^16 || >=18}
    peerDependencies:
      postcss: ^8.4
    dependencies:
      '@csstools/cascade-layer-name-parser': 1.0.5(@csstools/css-parser-algorithms@2.3.2)(@csstools/css-tokenizer@2.2.1)
      '@csstools/css-parser-algorithms': 2.3.2(@csstools/css-tokenizer@2.2.1)
      '@csstools/css-tokenizer': 2.2.1
      '@csstools/media-query-list-parser': 2.1.5(@csstools/css-parser-algorithms@2.3.2)(@csstools/css-tokenizer@2.2.1)
      postcss: 8.4.32
    dev: true

  /postcss-custom-properties@13.3.2(postcss@8.4.32):
    resolution: {integrity: sha512-2Coszybpo8lpLY24vy2CYv9AasiZ39/bs8Imv0pWMq55Gl8NWzfc24OAo3zIX7rc6uUJAqESnVOMZ6V6lpMjJA==}
    engines: {node: ^14 || ^16 || >=18}
    peerDependencies:
      postcss: ^8.4
    dependencies:
      '@csstools/cascade-layer-name-parser': 1.0.5(@csstools/css-parser-algorithms@2.3.2)(@csstools/css-tokenizer@2.2.1)
      '@csstools/css-parser-algorithms': 2.3.2(@csstools/css-tokenizer@2.2.1)
      '@csstools/css-tokenizer': 2.2.1
      postcss: 8.4.32
      postcss-value-parser: 4.2.0
    dev: true

  /postcss-custom-selectors@7.1.6(postcss@8.4.32):
    resolution: {integrity: sha512-svsjWRaxqL3vAzv71dV0/65P24/FB8TbPX+lWyyf9SZ7aZm4S4NhCn7N3Bg+Z5sZunG3FS8xQ80LrCU9hb37cw==}
    engines: {node: ^14 || ^16 || >=18}
    peerDependencies:
      postcss: ^8.4
    dependencies:
      '@csstools/cascade-layer-name-parser': 1.0.5(@csstools/css-parser-algorithms@2.3.2)(@csstools/css-tokenizer@2.2.1)
      '@csstools/css-parser-algorithms': 2.3.2(@csstools/css-tokenizer@2.2.1)
      '@csstools/css-tokenizer': 2.2.1
      postcss: 8.4.32
      postcss-selector-parser: 6.0.13
    dev: true

  /postcss-dir-pseudo-class@8.0.0(postcss@8.4.32):
    resolution: {integrity: sha512-Oy5BBi0dWPwij/IA+yDYj+/OBMQ9EPqAzTHeSNUYrUWdll/PRJmcbiUj0MNcsBi681I1gcSTLvMERPaXzdbvJg==}
    engines: {node: ^14 || ^16 || >=18}
    peerDependencies:
      postcss: ^8.4
    dependencies:
      postcss: 8.4.32
      postcss-selector-parser: 6.0.13
    dev: true

  /postcss-double-position-gradients@5.0.2(postcss@8.4.32):
    resolution: {integrity: sha512-KTbvdOOy8z8zb0BTkEg4/1vqlRlApdvjw8/pFoehgQl0WVO+fezDGlvo0B8xRA+XccA7ohkQCULKNsiNOx70Cw==}
    engines: {node: ^14 || ^16 || >=18}
    peerDependencies:
      postcss: ^8.4
    dependencies:
      '@csstools/postcss-progressive-custom-properties': 3.0.2(postcss@8.4.32)
      postcss: 8.4.32
      postcss-value-parser: 4.2.0
    dev: true

  /postcss-focus-visible@9.0.0(postcss@8.4.32):
    resolution: {integrity: sha512-zA4TbVaIaT8npZBEROhZmlc+GBKE8AELPHXE7i4TmIUEQhw/P/mSJfY9t6tBzpQ1rABeGtEOHYrW4SboQeONMQ==}
    engines: {node: ^14 || ^16 || >=18}
    peerDependencies:
      postcss: ^8.4
    dependencies:
      postcss: 8.4.32
      postcss-selector-parser: 6.0.13
    dev: true

  /postcss-focus-within@8.0.0(postcss@8.4.32):
    resolution: {integrity: sha512-E7+J9nuQzZaA37D/MUZMX1K817RZGDab8qw6pFwzAkDd/QtlWJ9/WTKmzewNiuxzeq6WWY7ATiRePVoDKp+DnA==}
    engines: {node: ^14 || ^16 || >=18}
    peerDependencies:
      postcss: ^8.4
    dependencies:
      postcss: 8.4.32
      postcss-selector-parser: 6.0.13
    dev: true

  /postcss-font-variant@5.0.0(postcss@8.4.32):
    resolution: {integrity: sha512-1fmkBaCALD72CK2a9i468mA/+tr9/1cBxRRMXOUaZqO43oWPR5imcyPjXwuv7PXbCid4ndlP5zWhidQVVa3hmA==}
    peerDependencies:
      postcss: ^8.1.0
    dependencies:
      postcss: 8.4.32
    dev: true

  /postcss-gap-properties@5.0.0(postcss@8.4.32):
    resolution: {integrity: sha512-YjsEEL6890P7MCv6fch6Am1yq0EhQCJMXyT4LBohiu87+4/WqR7y5W3RIv53WdA901hhytgRvjlrAhibhW4qsA==}
    engines: {node: ^14 || ^16 || >=18}
    peerDependencies:
      postcss: ^8.4
    dependencies:
      postcss: 8.4.32
    dev: true

  /postcss-image-set-function@6.0.1(postcss@8.4.32):
    resolution: {integrity: sha512-VlZncC9hhZ5tg0JllY4g6Z28BeoPO8DIkelioEEkXL0AA0IORlqYpTi2L8TUnl4YQrlwvBgxVy+mdZJw5R/cIQ==}
    engines: {node: ^14 || ^16 || >=18}
    peerDependencies:
      postcss: ^8.4
    dependencies:
      postcss: 8.4.32
      postcss-value-parser: 4.2.0
    dev: true

  /postcss-lab-function@6.0.7(postcss@8.4.32):
    resolution: {integrity: sha512-4d1lhDVPukHFqkMv4G5vVcK+tgY52vwb5uR1SWKOaO5389r2q8fMxBWuXSW+YtbCOEGP0/X9KERi9E9le2pJuw==}
    engines: {node: ^14 || ^16 || >=18}
    peerDependencies:
      postcss: ^8.4
    dependencies:
      '@csstools/css-color-parser': 1.4.0(@csstools/css-parser-algorithms@2.3.2)(@csstools/css-tokenizer@2.2.1)
      '@csstools/css-parser-algorithms': 2.3.2(@csstools/css-tokenizer@2.2.1)
      '@csstools/css-tokenizer': 2.2.1
      '@csstools/postcss-progressive-custom-properties': 3.0.2(postcss@8.4.32)
      postcss: 8.4.32
    dev: true

  /postcss-logical@7.0.0(postcss@8.4.32):
    resolution: {integrity: sha512-zYf3vHkoW82f5UZTEXChTJvH49Yl9X37axTZsJGxrCG2kOUwtaAoz9E7tqYg0lsIoJLybaL8fk/2mOi81zVIUw==}
    engines: {node: ^14 || ^16 || >=18}
    peerDependencies:
      postcss: ^8.4
    dependencies:
      postcss: 8.4.32
      postcss-value-parser: 4.2.0
    dev: true

  /postcss-nesting@12.0.1(postcss@8.4.32):
    resolution: {integrity: sha512-6LCqCWP9pqwXw/njMvNK0hGY44Fxc4B2EsGbn6xDcxbNRzP8GYoxT7yabVVMLrX3quqOJ9hg2jYMsnkedOf8pA==}
    engines: {node: ^14 || ^16 || >=18}
    peerDependencies:
      postcss: ^8.4
    dependencies:
      '@csstools/selector-specificity': 3.0.0(postcss-selector-parser@6.0.13)
      postcss: 8.4.32
      postcss-selector-parser: 6.0.13
    dev: true

  /postcss-opacity-percentage@2.0.0(postcss@8.4.32):
    resolution: {integrity: sha512-lyDrCOtntq5Y1JZpBFzIWm2wG9kbEdujpNt4NLannF+J9c8CgFIzPa80YQfdza+Y+yFfzbYj/rfoOsYsooUWTQ==}
    engines: {node: ^14 || ^16 || >=18}
    peerDependencies:
      postcss: ^8.2
    dependencies:
      postcss: 8.4.32
    dev: true

  /postcss-overflow-shorthand@5.0.0(postcss@8.4.32):
    resolution: {integrity: sha512-2rlxDyeSics/hC2FuMdPnWiP9WUPZ5x7FTuArXLFVpaSQ2woPSfZS4RD59HuEokbZhs/wPUQJ1E3MT6zVv94MQ==}
    engines: {node: ^14 || ^16 || >=18}
    peerDependencies:
      postcss: ^8.4
    dependencies:
      postcss: 8.4.32
      postcss-value-parser: 4.2.0
    dev: true

  /postcss-page-break@3.0.4(postcss@8.4.32):
    resolution: {integrity: sha512-1JGu8oCjVXLa9q9rFTo4MbeeA5FMe00/9C7lN4va606Rdb+HkxXtXsmEDrIraQ11fGz/WvKWa8gMuCKkrXpTsQ==}
    peerDependencies:
      postcss: ^8
    dependencies:
      postcss: 8.4.32
    dev: true

  /postcss-place@9.0.0(postcss@8.4.32):
    resolution: {integrity: sha512-qLEPD9VPH5opDVemwmRaujODF9nExn24VOC3ghgVLEvfYN7VZLwJHes0q/C9YR5hI2UC3VgBE8Wkdp1TxCXhtg==}
    engines: {node: ^14 || ^16 || >=18}
    peerDependencies:
      postcss: ^8.4
    dependencies:
      postcss: 8.4.32
      postcss-value-parser: 4.2.0
    dev: true

  /postcss-preset-env@9.3.0(postcss@8.4.32):
    resolution: {integrity: sha512-ycw6doPrqV6QxDCtgiyGDef61bEfiSc59HGM4gOw/wxQxmKnhuEery61oOC/5ViENz/ycpRsuhTexs1kUBTvVw==}
    engines: {node: ^14 || ^16 || >=18}
    peerDependencies:
      postcss: ^8.4
    dependencies:
      '@csstools/postcss-cascade-layers': 4.0.1(postcss@8.4.32)
      '@csstools/postcss-color-function': 3.0.7(postcss@8.4.32)
      '@csstools/postcss-color-mix-function': 2.0.7(postcss@8.4.32)
      '@csstools/postcss-exponential-functions': 1.0.1(postcss@8.4.32)
      '@csstools/postcss-font-format-keywords': 3.0.0(postcss@8.4.32)
      '@csstools/postcss-gamut-mapping': 1.0.0(postcss@8.4.32)
      '@csstools/postcss-gradients-interpolation-method': 4.0.7(postcss@8.4.32)
      '@csstools/postcss-hwb-function': 3.0.6(postcss@8.4.32)
      '@csstools/postcss-ic-unit': 3.0.2(postcss@8.4.32)
      '@csstools/postcss-initial': 1.0.0(postcss@8.4.32)
      '@csstools/postcss-is-pseudo-class': 4.0.3(postcss@8.4.32)
      '@csstools/postcss-logical-float-and-clear': 2.0.0(postcss@8.4.32)
      '@csstools/postcss-logical-overflow': 1.0.0(postcss@8.4.32)
      '@csstools/postcss-logical-overscroll-behavior': 1.0.0(postcss@8.4.32)
      '@csstools/postcss-logical-resize': 2.0.0(postcss@8.4.32)
      '@csstools/postcss-logical-viewport-units': 2.0.3(postcss@8.4.32)
      '@csstools/postcss-media-minmax': 1.1.0(postcss@8.4.32)
      '@csstools/postcss-media-queries-aspect-ratio-number-values': 2.0.3(postcss@8.4.32)
      '@csstools/postcss-nested-calc': 3.0.0(postcss@8.4.32)
      '@csstools/postcss-normalize-display-values': 3.0.1(postcss@8.4.32)
      '@csstools/postcss-oklab-function': 3.0.7(postcss@8.4.32)
      '@csstools/postcss-progressive-custom-properties': 3.0.2(postcss@8.4.32)
      '@csstools/postcss-relative-color-syntax': 2.0.7(postcss@8.4.32)
      '@csstools/postcss-scope-pseudo-class': 3.0.0(postcss@8.4.32)
      '@csstools/postcss-stepped-value-functions': 3.0.2(postcss@8.4.32)
      '@csstools/postcss-text-decoration-shorthand': 3.0.3(postcss@8.4.32)
      '@csstools/postcss-trigonometric-functions': 3.0.2(postcss@8.4.32)
      '@csstools/postcss-unset-value': 3.0.0(postcss@8.4.32)
      autoprefixer: 10.4.16(postcss@8.4.32)
      browserslist: 4.22.2
      css-blank-pseudo: 6.0.0(postcss@8.4.32)
      css-has-pseudo: 6.0.0(postcss@8.4.32)
      css-prefers-color-scheme: 9.0.0(postcss@8.4.32)
      cssdb: 7.9.0
      postcss: 8.4.32
      postcss-attribute-case-insensitive: 6.0.2(postcss@8.4.32)
      postcss-clamp: 4.1.0(postcss@8.4.32)
      postcss-color-functional-notation: 6.0.2(postcss@8.4.32)
      postcss-color-hex-alpha: 9.0.2(postcss@8.4.32)
      postcss-color-rebeccapurple: 9.0.1(postcss@8.4.32)
      postcss-custom-media: 10.0.2(postcss@8.4.32)
      postcss-custom-properties: 13.3.2(postcss@8.4.32)
      postcss-custom-selectors: 7.1.6(postcss@8.4.32)
      postcss-dir-pseudo-class: 8.0.0(postcss@8.4.32)
      postcss-double-position-gradients: 5.0.2(postcss@8.4.32)
      postcss-focus-visible: 9.0.0(postcss@8.4.32)
      postcss-focus-within: 8.0.0(postcss@8.4.32)
      postcss-font-variant: 5.0.0(postcss@8.4.32)
      postcss-gap-properties: 5.0.0(postcss@8.4.32)
      postcss-image-set-function: 6.0.1(postcss@8.4.32)
      postcss-lab-function: 6.0.7(postcss@8.4.32)
      postcss-logical: 7.0.0(postcss@8.4.32)
      postcss-nesting: 12.0.1(postcss@8.4.32)
      postcss-opacity-percentage: 2.0.0(postcss@8.4.32)
      postcss-overflow-shorthand: 5.0.0(postcss@8.4.32)
      postcss-page-break: 3.0.4(postcss@8.4.32)
      postcss-place: 9.0.0(postcss@8.4.32)
      postcss-pseudo-class-any-link: 9.0.0(postcss@8.4.32)
      postcss-replace-overflow-wrap: 4.0.0(postcss@8.4.32)
      postcss-selector-not: 7.0.1(postcss@8.4.32)
      postcss-value-parser: 4.2.0
    dev: true

  /postcss-pseudo-class-any-link@9.0.0(postcss@8.4.32):
    resolution: {integrity: sha512-QNCYIL98VKFKY6HGDEJpF6+K/sg9bxcUYnOmNHJxZS5wsFDFaVoPeG68WAuhsqwbIBSo/b9fjEnTwY2mTSD+uA==}
    engines: {node: ^14 || ^16 || >=18}
    peerDependencies:
      postcss: ^8.4
    dependencies:
      postcss: 8.4.32
      postcss-selector-parser: 6.0.13
    dev: true

  /postcss-replace-overflow-wrap@4.0.0(postcss@8.4.32):
    resolution: {integrity: sha512-KmF7SBPphT4gPPcKZc7aDkweHiKEEO8cla/GjcBK+ckKxiZslIu3C4GCRW3DNfL0o7yW7kMQu9xlZ1kXRXLXtw==}
    peerDependencies:
      postcss: ^8.0.3
    dependencies:
      postcss: 8.4.32
    dev: true

  /postcss-selector-not@7.0.1(postcss@8.4.32):
    resolution: {integrity: sha512-1zT5C27b/zeJhchN7fP0kBr16Cc61mu7Si9uWWLoA3Px/D9tIJPKchJCkUH3tPO5D0pCFmGeApAv8XpXBQJ8SQ==}
    engines: {node: ^14 || ^16 || >=18}
    peerDependencies:
      postcss: ^8.4
    dependencies:
      postcss: 8.4.32
      postcss-selector-parser: 6.0.13
    dev: true

  /postcss-selector-parser@6.0.13:
    resolution: {integrity: sha512-EaV1Gl4mUEV4ddhDnv/xtj7sxwrwxdetHdWUGnT4VJQf+4d05v6lHYZr8N573k5Z0BViss7BDhfWtKS3+sfAqQ==}
    engines: {node: '>=4'}
    dependencies:
      cssesc: 3.0.0
      util-deprecate: 1.0.2
    dev: true

  /postcss-value-parser@4.2.0:
    resolution: {integrity: sha512-1NNCs6uurfkVbeXG4S8JFT9t19m45ICnif8zWLd5oPSZ50QnwMfK+H3jv408d4jw/7Bttv5axS5IiHoLaVNHeQ==}
    dev: true

  /postcss@8.4.32:
    resolution: {integrity: sha512-D/kj5JNu6oo2EIy+XL/26JEDTlIbB8hw85G8StOE6L74RQAVVP5rej6wxCNqyMbR4RkPfqvezVbPw81Ngd6Kcw==}
    engines: {node: ^10 || ^12 || >=14}
    dependencies:
      nanoid: 3.3.7
      picocolors: 1.0.0
      source-map-js: 1.0.2
    dev: true

  /prettier@3.1.0:
    resolution: {integrity: sha512-TQLvXjq5IAibjh8EpBIkNKxO749UEWABoiIZehEPiY4GNpVdhaFKqSTu+QrlU6D2dPAfubRmtJTi4K4YkQ5eXw==}
    engines: {node: '>=14'}
    hasBin: true
    dev: true

  /rollup@4.7.0:
    resolution: {integrity: sha512-7Kw0dUP4BWH78zaZCqF1rPyQ8D5DSU6URG45v1dqS/faNsx9WXyess00uTOZxKr7oR/4TOjO1CPudT8L1UsEgw==}
    engines: {node: '>=18.0.0', npm: '>=8.0.0'}
    hasBin: true
    optionalDependencies:
      '@rollup/rollup-android-arm-eabi': 4.7.0
      '@rollup/rollup-android-arm64': 4.7.0
      '@rollup/rollup-darwin-arm64': 4.7.0
      '@rollup/rollup-darwin-x64': 4.7.0
      '@rollup/rollup-linux-arm-gnueabihf': 4.7.0
      '@rollup/rollup-linux-arm64-gnu': 4.7.0
      '@rollup/rollup-linux-arm64-musl': 4.7.0
      '@rollup/rollup-linux-riscv64-gnu': 4.7.0
      '@rollup/rollup-linux-x64-gnu': 4.7.0
      '@rollup/rollup-linux-x64-musl': 4.7.0
      '@rollup/rollup-win32-arm64-msvc': 4.7.0
      '@rollup/rollup-win32-ia32-msvc': 4.7.0
      '@rollup/rollup-win32-x64-msvc': 4.7.0
      fsevents: 2.3.3
    dev: true

  /source-map-js@1.0.2:
    resolution: {integrity: sha512-R0XvVJ9WusLiqTCEiGCmICCMplcCkIwwR11mOSD9CR5u+IXYdiseeEuXCVAjS54zqwkLcPNnmU4OeJ6tUrWhDw==}
    engines: {node: '>=0.10.0'}
    dev: true

  /typescript@5.3.3:
    resolution: {integrity: sha512-pXWcraxM0uxAS+tN0AG/BF2TyqmHO014Z070UsJ+pFvYuRSq8KH8DmWpnbXe0pEPDHXZV3FcAbJkijJ5oNEnWw==}
    engines: {node: '>=14.17'}
    hasBin: true
    dev: true

  /undici-types@5.26.5:
    resolution: {integrity: sha512-JlCMO+ehdEIKqlFxk6IfVoAUVmgz7cU7zD/h9XZ0qzeosSHmUJVOzSQvvYSYWXkFXC+IfLKSIffhv0sVZup6pA==}
    dev: true

  /update-browserslist-db@1.0.13(browserslist@4.22.2):
    resolution: {integrity: sha512-xebP81SNcPuNpPP3uzeW1NYXxI3rxyJzF3pD6sH4jE7o/IX+WtSpwnVU+qIsDPyk0d3hmFQ7mjqc6AtV604hbg==}
    hasBin: true
    peerDependencies:
      browserslist: '>= 4.21.0'
    dependencies:
      browserslist: 4.22.2
      escalade: 3.1.1
      picocolors: 1.0.0
    dev: true

  /util-deprecate@1.0.2:
    resolution: {integrity: sha512-EPD5q1uXyFxJpCrLnCc1nHnq3gOa6DZBocAIiI2TaSCA7VCJ1UJDMagCzIkXNsUYfD1daK//LTEQ8xiIbrHtcw==}
    dev: true

  /vite@5.0.7(@types/node@20.10.4):
    resolution: {integrity: sha512-B4T4rJCDPihrQo2B+h1MbeGL/k/GMAHzhQ8S0LjQ142s6/+l3hHTT095ORvsshj4QCkoWu3Xtmob5mazvakaOw==}
    engines: {node: ^18.0.0 || >=20.0.0}
    hasBin: true
    peerDependencies:
      '@types/node': ^18.0.0 || >=20.0.0
      less: '*'
      lightningcss: ^1.21.0
      sass: '*'
      stylus: '*'
      sugarss: '*'
      terser: ^5.4.0
    peerDependenciesMeta:
      '@types/node':
        optional: true
      less:
        optional: true
      lightningcss:
        optional: true
      sass:
        optional: true
      stylus:
        optional: true
      sugarss:
        optional: true
      terser:
        optional: true
    dependencies:
      '@types/node': 20.10.4
      esbuild: 0.19.8
      postcss: 8.4.32
      rollup: 4.7.0
    optionalDependencies:
      fsevents: 2.3.3
    dev: true
